
Microsoft Visual Studio Solution File, Format Version 12.00
# Visual Studio 15
VisualStudioVersion = 15.0.26730.15
MinimumVisualStudioVersion = 10.0.40219.1
Project("{FAE04EC0-301F-11D3-BF4B-00C04F79EFBC}") = "SAMPLauncherNET", "SAMPLauncherNET\SAMPLauncherNET.csproj", "{1BD42D89-52F4-45A5-8EA9-369B695938C2}"
EndProject
Project("{FAE04EC0-301F-11D3-BF4B-00C04F79EFBC}") = "SAMPLauncherNETUpdater", "SAMPLauncherNETUpdater\SAMPLauncherNETUpdater.csproj", "{BA993DBE-92F1-425B-9BE0-971B6F3565E5}"
EndProject
Global
	GlobalSection(SolutionConfigurationPlatforms) = preSolution
		Debug|Any CPU = Debug|Any CPU
		Release|Any CPU = Release|Any CPU
	EndGlobalSection
	GlobalSection(ProjectConfigurationPlatforms) = postSolution
		{1BD42D89-52F4-45A5-8EA9-369B695938C2}.Debug|Any CPU.ActiveCfg = Debug|Any CPU
		{1BD42D89-52F4-45A5-8EA9-369B695938C2}.Debug|Any CPU.Build.0 = Debug|Any CPU
		{1BD42D89-52F4-45A5-8EA9-369B695938C2}.Release|Any CPU.ActiveCfg = Release|Any CPU
		{1BD42D89-52F4-45A5-8EA9-369B695938C2}.Release|Any CPU.Build.0 = Release|Any CPU
		{BA993DBE-92F1-425B-9BE0-971B6F3565E5}.Debug|Any CPU.ActiveCfg = Debug|Any CPU
		{BA993DBE-92F1-425B-9BE0-971B6F3565E5}.Debug|Any CPU.Build.0 = Debug|Any CPU
		{BA993DBE-92F1-425B-9BE0-971B6F3565E5}.Release|Any CPU.ActiveCfg = Release|Any CPU
		{BA993DBE-92F1-425B-9BE0-971B6F3565E5}.Release|Any CPU.Build.0 = Release|Any CPU
	EndGlobalSection
	GlobalSection(SolutionProperties) = preSolution
		HideSolutionNode = FALSE
	EndGlobalSection
	GlobalSection(ExtensibilityGlobals) = postSolution
		SolutionGuid = {92C0D9F7-C0E0-4BE5-A53E-FDF97D0FAEFC}
	EndGlobalSection
EndGlobal
